
Microsoft Visual Studio Solution File, Format Version 12.00
# Visual Studio Version 16
VisualStudioVersion = 16.0.31729.503
MinimumVisualStudioVersion = 10.0.40219.1
Project("{FAE04EC0-301F-11D3-BF4B-00C04F79EFBC}") = "JokesWebApp", "JokesWebApp\JokesWebApp.csproj", "{2915ED80-E42C-4E2A-8E42-1261E1B9E2B1}"
EndProject
Global
	GlobalSection(SolutionConfigurationPlatforms) = preSolution
		Debug|Any CPU = Debug|Any CPU
		Release|Any CPU = Release|Any CPU
	EndGlobalSection
	GlobalSection(ProjectConfigurationPlatforms) = postSolution
		{2915ED80-E42C-4E2A-8E42-1261E1B9E2B1}.Debug|Any CPU.ActiveCfg = Debug|Any CPU
		{2915ED80-E42C-4E2A-8E42-1261E1B9E2B1}.Debug|Any CPU.Build.0 = Debug|Any CPU
		{2915ED80-E42C-4E2A-8E42-1261E1B9E2B1}.Release|Any CPU.ActiveCfg = Release|Any CPU
		{2915ED80-E42C-4E2A-8E42-1261E1B9E2B1}.Release|Any CPU.Build.0 = Release|Any CPU
	EndGlobalSection
	GlobalSection(SolutionProperties) = preSolution
		HideSolutionNode = FALSE
	EndGlobalSection
	GlobalSection(ExtensibilityGlobals) = postSolution
		SolutionGuid = {A9F7663E-0CD6-4E0B-9BAC-ED18109B4C64}
	EndGlobalSection
EndGlobal
